
Microsoft Visual Studio Solution File, Format Version 12.00
# Visual Studio Version 16
VisualStudioVersion = 16.0.33027.164
MinimumVisualStudioVersion = 10.0.40219.1
Project("{FAE04EC0-301F-11D3-BF4B-00C04F79EFBC}") = "WpfApp3", "WpfApp3\WpfApp3.csproj", "{68C50D95-1E7F-4298-96FF-3C195D845E7D}"
EndProject
Global
	GlobalSection(SolutionConfigurationPlatforms) = preSolution
		Debug|Any CPU = Debug|Any CPU
		Release|Any CPU = Release|Any CPU
	EndGlobalSection
	GlobalSection(ProjectConfigurationPlatforms) = postSolution
		{68C50D95-1E7F-4298-96FF-3C195D845E7D}.Debug|Any CPU.ActiveCfg = Debug|Any CPU
		{68C50D95-1E7F-4298-96FF-3C195D845E7D}.Debug|Any CPU.Build.0 = Debug|Any CPU
		{68C50D95-1E7F-4298-96FF-3C195D845E7D}.Release|Any CPU.ActiveCfg = Release|Any CPU
		{68C50D95-1E7F-4298-96FF-3C195D845E7D}.Release|Any CPU.Build.0 = Release|Any CPU
	EndGlobalSection
	GlobalSection(SolutionProperties) = preSolution
		HideSolutionNode = FALSE
	EndGlobalSection
	GlobalSection(ExtensibilityGlobals) = postSolution
		SolutionGuid = {30652800-C567-4E8E-80EB-CE42781F8008}
	EndGlobalSection
EndGlobal
